
Microsoft Visual Studio Solution File, Format Version 12.00
# Visual Studio Version 17
VisualStudioVersion = 17.1.32228.430
MinimumVisualStudioVersion = 10.0.40219.1
Project("{FAE04EC0-301F-11D3-BF4B-00C04F79EFBC}") = "ReflectionDemo", "ReflectionDemo.csproj", "{6D084B5E-729B-47B0-924C-9DF1AEB3CECC}"
EndProject
Project("{FAE04EC0-301F-11D3-BF4B-00C04F79EFBC}") = "UIControlLibrary", "..\UIControlLibrary\UIControlLibrary.csproj", "{E4D5AA9A-648F-44FF-A7C2-DA7EFBFC6B83}"
EndProject
Project("{FAE04EC0-301F-11D3-BF4B-00C04F79EFBC}") = "MyControlLibary", "..\MyControlLibary\MyControlLibary.csproj", "{6D53522C-24BC-4E32-9B06-36AFFDF0A322}"
EndProject
Global
	GlobalSection(SolutionConfigurationPlatforms) = preSolution
		Debug|Any CPU = Debug|Any CPU
		Release|Any CPU = Release|Any CPU
	EndGlobalSection
	GlobalSection(ProjectConfigurationPlatforms) = postSolution
		{6D084B5E-729B-47B0-924C-9DF1AEB3CECC}.Debug|Any CPU.ActiveCfg = Debug|Any CPU
		{6D084B5E-729B-47B0-924C-9DF1AEB3CECC}.Debug|Any CPU.Build.0 = Debug|Any CPU
		{6D084B5E-729B-47B0-924C-9DF1AEB3CECC}.Release|Any CPU.ActiveCfg = Release|Any CPU
		{6D084B5E-729B-47B0-924C-9DF1AEB3CECC}.Release|Any CPU.Build.0 = Release|Any CPU
		{E4D5AA9A-648F-44FF-A7C2-DA7EFBFC6B83}.Debug|Any CPU.ActiveCfg = Debug|Any CPU
		{E4D5AA9A-648F-44FF-A7C2-DA7EFBFC6B83}.Debug|Any CPU.Build.0 = Debug|Any CPU
		{E4D5AA9A-648F-44FF-A7C2-DA7EFBFC6B83}.Release|Any CPU.ActiveCfg = Release|Any CPU
		{E4D5AA9A-648F-44FF-A7C2-DA7EFBFC6B83}.Release|Any CPU.Build.0 = Release|Any CPU
		{6D53522C-24BC-4E32-9B06-36AFFDF0A322}.Debug|Any CPU.ActiveCfg = Debug|Any CPU
		{6D53522C-24BC-4E32-9B06-36AFFDF0A322}.Debug|Any CPU.Build.0 = Debug|Any CPU
		{6D53522C-24BC-4E32-9B06-36AFFDF0A322}.Release|Any CPU.ActiveCfg = Release|Any CPU
		{6D53522C-24BC-4E32-9B06-36AFFDF0A322}.Release|Any CPU.Build.0 = Release|Any CPU
	EndGlobalSection
	GlobalSection(SolutionProperties) = preSolution
		HideSolutionNode = FALSE
	EndGlobalSection
	GlobalSection(ExtensibilityGlobals) = postSolution
		SolutionGuid = {3F5D9764-2C37-4396-A943-D5A144FFF7FF}
	EndGlobalSection
EndGlobal
